
Microsoft Visual Studio Solution File, Format Version 12.00
# Visual Studio 2012
Project("{FAE04EC0-301F-11D3-BF4B-00C04F79EFBC}") = "CPQueue", "CPQueue\CPQueue.csproj", "{1534AF3F-704B-482C-A281-2C3EE1250570}"
EndProject
Global
	GlobalSection(SolutionConfigurationPlatforms) = preSolution
		Debug|Any CPU = Debug|Any CPU
		Release|Any CPU = Release|Any CPU
	EndGlobalSection
	GlobalSection(ProjectConfigurationPlatforms) = postSolution
		{1534AF3F-704B-482C-A281-2C3EE1250570}.Debug|Any CPU.ActiveCfg = Debug|Any CPU
		{1534AF3F-704B-482C-A281-2C3EE1250570}.Debug|Any CPU.Build.0 = Debug|Any CPU
		{1534AF3F-704B-482C-A281-2C3EE1250570}.Release|Any CPU.ActiveCfg = Release|Any CPU
		{1534AF3F-704B-482C-A281-2C3EE1250570}.Release|Any CPU.Build.0 = Release|Any CPU
	EndGlobalSection
	GlobalSection(SolutionProperties) = preSolution
		HideSolutionNode = FALSE
	EndGlobalSection
EndGlobal
